
Microsoft Visual Studio Solution File, Format Version 12.00
# Visual Studio 14
VisualStudioVersion = 14.0.24720.0
MinimumVisualStudioVersion = 10.0.40219.1
Project("{8BC9CEB8-8B4A-11D0-8D11-00A0C91BC942}") = "StrawberryPie", "StrawberryPie\StrawberryPie.vcxproj", "{D4C72CF9-D29B-45E5-80F3-0B12DEE2E9A5}"
EndProject
Project("{8BC9CEB8-8B4A-11D0-8D11-00A0C91BC942}") = "StrawberryPieServer", "StrawberryPieServer\StrawberryPieServer.vcxproj", "{87BBBF83-5DF0-494B-9C74-3007EA7012C9}"
EndProject
Global
	GlobalSection(SolutionConfigurationPlatforms) = preSolution
		Debug|x64 = Debug|x64
		Debug|x86 = Debug|x86
		Release|x64 = Release|x64
		Release|x86 = Release|x86
	EndGlobalSection
	GlobalSection(ProjectConfigurationPlatforms) = postSolution
		{D4C72CF9-D29B-45E5-80F3-0B12DEE2E9A5}.Debug|x64.ActiveCfg = Release|x64
		{D4C72CF9-D29B-45E5-80F3-0B12DEE2E9A5}.Debug|x64.Build.0 = Release|x64
		{D4C72CF9-D29B-45E5-80F3-0B12DEE2E9A5}.Debug|x86.ActiveCfg = Release|x64
		{D4C72CF9-D29B-45E5-80F3-0B12DEE2E9A5}.Debug|x86.Build.0 = Release|x64
		{D4C72CF9-D29B-45E5-80F3-0B12DEE2E9A5}.Release|x64.ActiveCfg = Release|x64
		{D4C72CF9-D29B-45E5-80F3-0B12DEE2E9A5}.Release|x64.Build.0 = Release|x64
		{D4C72CF9-D29B-45E5-80F3-0B12DEE2E9A5}.Release|x86.ActiveCfg = Release|x64
		{87BBBF83-5DF0-494B-9C74-3007EA7012C9}.Debug|x64.ActiveCfg = Debug|x64
		{87BBBF83-5DF0-494B-9C74-3007EA7012C9}.Debug|x64.Build.0 = Debug|x64
		{87BBBF83-5DF0-494B-9C74-3007EA7012C9}.Debug|x86.ActiveCfg = Debug|Win32
		{87BBBF83-5DF0-494B-9C74-3007EA7012C9}.Debug|x86.Build.0 = Debug|Win32
		{87BBBF83-5DF0-494B-9C74-3007EA7012C9}.Release|x64.ActiveCfg = Release|x64
		{87BBBF83-5DF0-494B-9C74-3007EA7012C9}.Release|x64.Build.0 = Release|x64
		{87BBBF83-5DF0-494B-9C74-3007EA7012C9}.Release|x86.ActiveCfg = Release|Win32
		{87BBBF83-5DF0-494B-9C74-3007EA7012C9}.Release|x86.Build.0 = Release|Win32
	EndGlobalSection
	GlobalSection(SolutionProperties) = preSolution
		HideSolutionNode = FALSE
	EndGlobalSection
EndGlobal
