
Microsoft Visual Studio Solution File, Format Version 12.00
# Visual Studio 14
VisualStudioVersion = 14.0.25420.1
MinimumVisualStudioVersion = 10.0.40219.1
Project("{8BC9CEB8-8B4A-11D0-8D11-00A0C91BC942}") = "StrawberryPie", "StrawberryPie\StrawberryPie.vcxproj", "{D4C72CF9-D29B-45E5-80F3-0B12DEE2E9A5}"
EndProject
Project("{8BC9CEB8-8B4A-11D0-8D11-00A0C91BC942}") = "StrawberryPieShared", "StrawberryPieShared\StrawberryPieShared.vcxitems", "{45D41ACC-2C3C-43D2-BC10-02AA73FFC7C7}"
EndProject
Project("{8BC9CEB8-8B4A-11D0-8D11-00A0C91BC942}") = "StrawberryPieServer", "StrawberryPieServer\StrawberryPieServer.vcxproj", "{1B134F3E-227F-4EB8-ADE0-B2A9BB7E78BA}"
EndProject
Project("{8BC9CEB8-8B4A-11D0-8D11-00A0C91BC942}") = "StrawberryPieEmu", "StrawberryPieEmu\StrawberryPieEmu.vcxproj", "{532C40DF-2450-4531-8809-A817B8D68D4A}"
EndProject
Global
	GlobalSection(SolutionConfigurationPlatforms) = preSolution
		Debug|x64 = Debug|x64
		Debug|x86 = Debug|x86
		Release|x64 = Release|x64
		Release|x86 = Release|x86
	EndGlobalSection
	GlobalSection(ProjectConfigurationPlatforms) = postSolution
		{D4C72CF9-D29B-45E5-80F3-0B12DEE2E9A5}.Debug|x64.ActiveCfg = Release|x64
		{D4C72CF9-D29B-45E5-80F3-0B12DEE2E9A5}.Debug|x64.Build.0 = Release|x64
		{D4C72CF9-D29B-45E5-80F3-0B12DEE2E9A5}.Debug|x86.ActiveCfg = Release|x64
		{D4C72CF9-D29B-45E5-80F3-0B12DEE2E9A5}.Debug|x86.Build.0 = Release|x64
		{D4C72CF9-D29B-45E5-80F3-0B12DEE2E9A5}.Release|x64.ActiveCfg = Release|x64
		{D4C72CF9-D29B-45E5-80F3-0B12DEE2E9A5}.Release|x64.Build.0 = Release|x64
		{D4C72CF9-D29B-45E5-80F3-0B12DEE2E9A5}.Release|x86.ActiveCfg = Release|x64
		{1B134F3E-227F-4EB8-ADE0-B2A9BB7E78BA}.Debug|x64.ActiveCfg = Debug|x64
		{1B134F3E-227F-4EB8-ADE0-B2A9BB7E78BA}.Debug|x64.Build.0 = Debug|x64
		{1B134F3E-227F-4EB8-ADE0-B2A9BB7E78BA}.Debug|x86.ActiveCfg = Debug|Win32
		{1B134F3E-227F-4EB8-ADE0-B2A9BB7E78BA}.Debug|x86.Build.0 = Debug|Win32
		{1B134F3E-227F-4EB8-ADE0-B2A9BB7E78BA}.Release|x64.ActiveCfg = Release|x64
		{1B134F3E-227F-4EB8-ADE0-B2A9BB7E78BA}.Release|x64.Build.0 = Release|x64
		{1B134F3E-227F-4EB8-ADE0-B2A9BB7E78BA}.Release|x86.ActiveCfg = Release|Win32
		{1B134F3E-227F-4EB8-ADE0-B2A9BB7E78BA}.Release|x86.Build.0 = Release|Win32
		{532C40DF-2450-4531-8809-A817B8D68D4A}.Debug|x64.ActiveCfg = Debug|x64
		{532C40DF-2450-4531-8809-A817B8D68D4A}.Debug|x64.Build.0 = Debug|x64
		{532C40DF-2450-4531-8809-A817B8D68D4A}.Debug|x86.ActiveCfg = Debug|Win32
		{532C40DF-2450-4531-8809-A817B8D68D4A}.Debug|x86.Build.0 = Debug|Win32
		{532C40DF-2450-4531-8809-A817B8D68D4A}.Release|x64.ActiveCfg = Release|x64
		{532C40DF-2450-4531-8809-A817B8D68D4A}.Release|x64.Build.0 = Release|x64
		{532C40DF-2450-4531-8809-A817B8D68D4A}.Release|x86.ActiveCfg = Release|Win32
		{532C40DF-2450-4531-8809-A817B8D68D4A}.Release|x86.Build.0 = Release|Win32
	EndGlobalSection
	GlobalSection(SolutionProperties) = preSolution
		HideSolutionNode = FALSE
	EndGlobalSection
EndGlobal
